// !$*UTF8*$!
{
	archiveVersion = 1;
	classes = {
	};
	objectVersion = 51;
	objects = {

/* Begin PBXBuildFile section */
		27CCA77E64592EBFA8C7B186 /* Pods_cocotton_frontend_cocotton_frontendUITests.framework in Frameworks */ = {isa = PBXBuildFile; fileRef = E39CED49852839F2EA9802F8 /* Pods_cocotton_frontend_cocotton_frontendUITests.framework */; };
		8B0B9BC926A1F8DA003157A4 /* testView.swift in Sources */ = {isa = PBXBuildFile; fileRef = 8B0B9BC826A1F8DA003157A4 /* testView.swift */; };
		8B0B9BDA26A2E20F003157A4 /* RecipeController.swift in Sources */ = {isa = PBXBuildFile; fileRef = 8B0B9BD926A2E20F003157A4 /* RecipeController.swift */; };
		8B0B9BF626A2EA72003157A4 /* recipes.json in Resources */ = {isa = PBXBuildFile; fileRef = 8B0B9BF526A2EA72003157A4 /* recipes.json */; };
		8B51BC192688DA96008796D7 /* cocotton_frontendApp.swift in Sources */ = {isa = PBXBuildFile; fileRef = 8B51BC182688DA96008796D7 /* cocotton_frontendApp.swift */; };
		8B51BC1D2688DA97008796D7 /* Assets.xcassets in Resources */ = {isa = PBXBuildFile; fileRef = 8B51BC1C2688DA97008796D7 /* Assets.xcassets */; };
		8B51BC202688DA97008796D7 /* Preview Assets.xcassets in Resources */ = {isa = PBXBuildFile; fileRef = 8B51BC1F2688DA97008796D7 /* Preview Assets.xcassets */; };
		8B51BC2B2688DA97008796D7 /* cocotton_frontendTests.swift in Sources */ = {isa = PBXBuildFile; fileRef = 8B51BC2A2688DA97008796D7 /* cocotton_frontendTests.swift */; };
		8B51BC362688DA97008796D7 /* cocotton_frontendUITests.swift in Sources */ = {isa = PBXBuildFile; fileRef = 8B51BC352688DA97008796D7 /* cocotton_frontendUITests.swift */; };
		8B540D72269B78FD00B3DC2B /* LoadingView.swift in Sources */ = {isa = PBXBuildFile; fileRef = 8B540D71269B78FD00B3DC2B /* LoadingView.swift */; };
		8B54BFBA268B27A8007EA961 /* Category.swift in Sources */ = {isa = PBXBuildFile; fileRef = 8B54BFB9268B27A8007EA961 /* Category.swift */; };
		8B54BFBF268B3A19007EA961 /* Role.swift in Sources */ = {isa = PBXBuildFile; fileRef = 8B54BFBE268B3A19007EA961 /* Role.swift */; };
		8B5828FE2689178F00C9F749 /* Ingredient .swift in Sources */ = {isa = PBXBuildFile; fileRef = 8B5828FD2689178F00C9F749 /* Ingredient .swift */; };
		8B5E21EC269E4427005BAE25 /* ProfileController.swift in Sources */ = {isa = PBXBuildFile; fileRef = 8B5E21EB269E4427005BAE25 /* ProfileController.swift */; };
		8B5E21F1269F184E005BAE25 /* TokenController.swift in Sources */ = {isa = PBXBuildFile; fileRef = 8B5E21F0269F184D005BAE25 /* TokenController.swift */; };
		8B5E21F6269F6863005BAE25 /* InitialTabView.swift in Sources */ = {isa = PBXBuildFile; fileRef = 8B5E21F5269F6863005BAE25 /* InitialTabView.swift */; };
		8B5E21FB269F7283005BAE25 /* ViewDidLoadModifier.swift in Sources */ = {isa = PBXBuildFile; fileRef = 8B5E21FA269F7283005BAE25 /* ViewDidLoadModifier.swift */; };
		8B5F371526A31B8F0011D89A /* IngredientDetailView.swift in Sources */ = {isa = PBXBuildFile; fileRef = 8B5F371426A31B8F0011D89A /* IngredientDetailView.swift */; };
		8B5F371D26A31C040011D89A /* IngredientController.swift in Sources */ = {isa = PBXBuildFile; fileRef = 8B5F371C26A31C040011D89A /* IngredientController.swift */; };
		8B5F372226A31C7E0011D89A /* ingredients.json in Resources */ = {isa = PBXBuildFile; fileRef = 8B5F372126A31C7E0011D89A /* ingredients.json */; };
		8B5F372726A31D060011D89A /* JsonLoader.swift in Sources */ = {isa = PBXBuildFile; fileRef = 8B5F372626A31D060011D89A /* JsonLoader.swift */; };
		8B5F372C26A325C60011D89A /* IngredientRowViewElement.swift in Sources */ = {isa = PBXBuildFile; fileRef = 8B5F372B26A325C60011D89A /* IngredientRowViewElement.swift */; };
		8B5F373D26A32CBB0011D89A /* CommentListView.swift in Sources */ = {isa = PBXBuildFile; fileRef = 8B5F373C26A32CBB0011D89A /* CommentListView.swift */; };
		8B5F374226A32CD90011D89A /* profiles.json in Resources */ = {isa = PBXBuildFile; fileRef = 8B5F374126A32CD90011D89A /* profiles.json */; };
		8B5F374F26A32CFE0011D89A /* comments.json in Resources */ = {isa = PBXBuildFile; fileRef = 8B5F374E26A32CFE0011D89A /* comments.json */; };
		8B5F375426A32DDC0011D89A /* CommentController.swift in Sources */ = {isa = PBXBuildFile; fileRef = 8B5F375326A32DDC0011D89A /* CommentController.swift */; };
		8B5F375926A32FE30011D89A /* CommentRowViewElement.swift in Sources */ = {isa = PBXBuildFile; fileRef = 8B5F375826A32FE30011D89A /* CommentRowViewElement.swift */; };
		8B5F375E26A33F730011D89A /* StatsView.swift in Sources */ = {isa = PBXBuildFile; fileRef = 8B5F375D26A33F730011D89A /* StatsView.swift */; };
		8B62B268268BBEE00046C07C /* Comment.swift in Sources */ = {isa = PBXBuildFile; fileRef = 8B62B267268BBEE00046C07C /* Comment.swift */; };
		8B62B26D268BBEEE0046C07C /* Profile.swift in Sources */ = {isa = PBXBuildFile; fileRef = 8B62B26C268BBEEE0046C07C /* Profile.swift */; };
		8B62B272268BBEFF0046C07C /* Recipe.swift in Sources */ = {isa = PBXBuildFile; fileRef = 8B62B271268BBEFF0046C07C /* Recipe.swift */; };
		8B62B277268BBF090046C07C /* Session.swift in Sources */ = {isa = PBXBuildFile; fileRef = 8B62B276268BBF090046C07C /* Session.swift */; };
		8B62B287268BC7150046C07C /* FileTemp.swift in Sources */ = {isa = PBXBuildFile; fileRef = 8B62B286268BC7150046C07C /* FileTemp.swift */; };
		8B62B2B12698BFC40046C07C /* RestManager.swift in Sources */ = {isa = PBXBuildFile; fileRef = 8B62B2B02698BFC40046C07C /* RestManager.swift */; };
		8B62B2BE269A2C600046C07C /* FileTempController.swift in Sources */ = {isa = PBXBuildFile; fileRef = 8B62B2BD269A2C600046C07C /* FileTempController.swift */; };
		8B62B2E6269AF2560046C07C /* LoginView.swift in Sources */ = {isa = PBXBuildFile; fileRef = 8B62B2E5269AF2560046C07C /* LoginView.swift */; };
		8B62B2EE269B27F20046C07C /* AuthController.swift in Sources */ = {isa = PBXBuildFile; fileRef = 8B62B2ED269B27F20046C07C /* AuthController.swift */; };
		8B62B2F3269B4B870046C07C /* RegisterView.swift in Sources */ = {isa = PBXBuildFile; fileRef = 8B62B2F2269B4B870046C07C /* RegisterView.swift */; };
		8B62B2F8269B4DEF0046C07C /* MainView.swift in Sources */ = {isa = PBXBuildFile; fileRef = 8B62B2F7269B4DEF0046C07C /* MainView.swift */; };
		8BC2AE3926A0D6D300D793DF /* RecipeListView.swift in Sources */ = {isa = PBXBuildFile; fileRef = 8BC2AE3826A0D6D300D793DF /* RecipeListView.swift */; };
		8BC2AE3F26A0D9A900D793DF /* RecipeRowViewElement.swift in Sources */ = {isa = PBXBuildFile; fileRef = 8BC2AE3E26A0D9A900D793DF /* RecipeRowViewElement.swift */; };
		8BC2AE4426A0D9BE00D793DF /* RecipeDetailView.swift in Sources */ = {isa = PBXBuildFile; fileRef = 8BC2AE4326A0D9BE00D793DF /* RecipeDetailView.swift */; };
		8BC2AE4F26A0E10400D793DF /* CircleImageViewElement.swift in Sources */ = {isa = PBXBuildFile; fileRef = 8BC2AE4E26A0E10400D793DF /* CircleImageViewElement.swift */; };
		BC9934B1015799D3DD873081 /* Pods_cocotton_frontend.framework in Frameworks */ = {isa = PBXBuildFile; fileRef = 0F002B7EECC484F9F7B23032 /* Pods_cocotton_frontend.framework */; };
		EF59DD7F597771D12E6CF06E /* Pods_cocotton_frontendTests.framework in Frameworks */ = {isa = PBXBuildFile; fileRef = D915B80DB18DEB840C4429C1 /* Pods_cocotton_frontendTests.framework */; };
/* End PBXBuildFile section */

/* Begin PBXContainerItemProxy section */
		8B51BC272688DA97008796D7 /* PBXContainerItemProxy */ = {
			isa = PBXContainerItemProxy;
			containerPortal = 8B51BC0D2688DA96008796D7 /* Project object */;
			proxyType = 1;
			remoteGlobalIDString = 8B51BC142688DA96008796D7;
			remoteInfo = "cocotton-frontend";
		};
		8B51BC322688DA97008796D7 /* PBXContainerItemProxy */ = {
			isa = PBXContainerItemProxy;
			containerPortal = 8B51BC0D2688DA96008796D7 /* Project object */;
			proxyType = 1;
			remoteGlobalIDString = 8B51BC142688DA96008796D7;
			remoteInfo = "cocotton-frontend";
		};
/* End PBXContainerItemProxy section */

/* Begin PBXFileReference section */
		083CF42704B399591FFEA7CA /* Pods-cocotton-frontendTests.release.xcconfig */ = {isa = PBXFileReference; includeInIndex = 1; lastKnownFileType = text.xcconfig; name = "Pods-cocotton-frontendTests.release.xcconfig"; path = "Target Support Files/Pods-cocotton-frontendTests/Pods-cocotton-frontendTests.release.xcconfig"; sourceTree = "<group>"; };
		0F002B7EECC484F9F7B23032 /* Pods_cocotton_frontend.framework */ = {isa = PBXFileReference; explicitFileType = wrapper.framework; includeInIndex = 0; path = Pods_cocotton_frontend.framework; sourceTree = BUILT_PRODUCTS_DIR; };
		8A7773F292026DC1F0F8A249 /* Pods-cocotton-frontend-cocotton-frontendUITests.debug.xcconfig */ = {isa = PBXFileReference; includeInIndex = 1; lastKnownFileType = text.xcconfig; name = "Pods-cocotton-frontend-cocotton-frontendUITests.debug.xcconfig"; path = "Target Support Files/Pods-cocotton-frontend-cocotton-frontendUITests/Pods-cocotton-frontend-cocotton-frontendUITests.debug.xcconfig"; sourceTree = "<group>"; };
		8B0B9BC826A1F8DA003157A4 /* testView.swift */ = {isa = PBXFileReference; lastKnownFileType = sourcecode.swift; path = testView.swift; sourceTree = "<group>"; };
		8B0B9BD926A2E20F003157A4 /* RecipeController.swift */ = {isa = PBXFileReference; lastKnownFileType = sourcecode.swift; path = RecipeController.swift; sourceTree = "<group>"; };
		8B0B9BF526A2EA72003157A4 /* recipes.json */ = {isa = PBXFileReference; lastKnownFileType = text.json; path = recipes.json; sourceTree = "<group>"; };
		8B51BC152688DA96008796D7 /* cocotton-frontend.app */ = {isa = PBXFileReference; explicitFileType = wrapper.application; includeInIndex = 0; path = "cocotton-frontend.app"; sourceTree = BUILT_PRODUCTS_DIR; };
		8B51BC182688DA96008796D7 /* cocotton_frontendApp.swift */ = {isa = PBXFileReference; lastKnownFileType = sourcecode.swift; path = cocotton_frontendApp.swift; sourceTree = "<group>"; };
		8B51BC1C2688DA97008796D7 /* Assets.xcassets */ = {isa = PBXFileReference; lastKnownFileType = folder.assetcatalog; path = Assets.xcassets; sourceTree = "<group>"; };
		8B51BC1F2688DA97008796D7 /* Preview Assets.xcassets */ = {isa = PBXFileReference; lastKnownFileType = folder.assetcatalog; path = "Preview Assets.xcassets"; sourceTree = "<group>"; };
		8B51BC212688DA97008796D7 /* Info.plist */ = {isa = PBXFileReference; lastKnownFileType = text.plist.xml; path = Info.plist; sourceTree = "<group>"; };
		8B51BC262688DA97008796D7 /* cocotton-frontendTests.xctest */ = {isa = PBXFileReference; explicitFileType = wrapper.cfbundle; includeInIndex = 0; path = "cocotton-frontendTests.xctest"; sourceTree = BUILT_PRODUCTS_DIR; };
		8B51BC2A2688DA97008796D7 /* cocotton_frontendTests.swift */ = {isa = PBXFileReference; lastKnownFileType = sourcecode.swift; path = cocotton_frontendTests.swift; sourceTree = "<group>"; };
		8B51BC2C2688DA97008796D7 /* Info.plist */ = {isa = PBXFileReference; lastKnownFileType = text.plist.xml; path = Info.plist; sourceTree = "<group>"; };
		8B51BC312688DA97008796D7 /* cocotton-frontendUITests.xctest */ = {isa = PBXFileReference; explicitFileType = wrapper.cfbundle; includeInIndex = 0; path = "cocotton-frontendUITests.xctest"; sourceTree = BUILT_PRODUCTS_DIR; };
		8B51BC352688DA97008796D7 /* cocotton_frontendUITests.swift */ = {isa = PBXFileReference; lastKnownFileType = sourcecode.swift; path = cocotton_frontendUITests.swift; sourceTree = "<group>"; };
		8B51BC372688DA97008796D7 /* Info.plist */ = {isa = PBXFileReference; lastKnownFileType = text.plist.xml; path = Info.plist; sourceTree = "<group>"; };
		8B540D71269B78FD00B3DC2B /* LoadingView.swift */ = {isa = PBXFileReference; lastKnownFileType = sourcecode.swift; path = LoadingView.swift; sourceTree = "<group>"; };
		8B54BFB9268B27A8007EA961 /* Category.swift */ = {isa = PBXFileReference; lastKnownFileType = sourcecode.swift; path = Category.swift; sourceTree = "<group>"; };
		8B54BFBE268B3A19007EA961 /* Role.swift */ = {isa = PBXFileReference; lastKnownFileType = sourcecode.swift; path = Role.swift; sourceTree = "<group>"; };
		8B5828FD2689178F00C9F749 /* Ingredient .swift */ = {isa = PBXFileReference; lastKnownFileType = sourcecode.swift; path = "Ingredient .swift"; sourceTree = "<group>"; };
		8B5E21EB269E4427005BAE25 /* ProfileController.swift */ = {isa = PBXFileReference; lastKnownFileType = sourcecode.swift; path = ProfileController.swift; sourceTree = "<group>"; };
		8B5E21F0269F184D005BAE25 /* TokenController.swift */ = {isa = PBXFileReference; lastKnownFileType = sourcecode.swift; path = TokenController.swift; sourceTree = "<group>"; };
		8B5E21F5269F6863005BAE25 /* InitialTabView.swift */ = {isa = PBXFileReference; lastKnownFileType = sourcecode.swift; path = InitialTabView.swift; sourceTree = "<group>"; };
		8B5E21FA269F7283005BAE25 /* ViewDidLoadModifier.swift */ = {isa = PBXFileReference; lastKnownFileType = sourcecode.swift; path = ViewDidLoadModifier.swift; sourceTree = "<group>"; };
		8B5F371426A31B8F0011D89A /* IngredientDetailView.swift */ = {isa = PBXFileReference; lastKnownFileType = sourcecode.swift; path = IngredientDetailView.swift; sourceTree = "<group>"; };
		8B5F371C26A31C040011D89A /* IngredientController.swift */ = {isa = PBXFileReference; lastKnownFileType = sourcecode.swift; path = IngredientController.swift; sourceTree = "<group>"; };
		8B5F372126A31C7E0011D89A /* ingredients.json */ = {isa = PBXFileReference; lastKnownFileType = text.json; path = ingredients.json; sourceTree = "<group>"; };
		8B5F372626A31D060011D89A /* JsonLoader.swift */ = {isa = PBXFileReference; lastKnownFileType = sourcecode.swift; path = JsonLoader.swift; sourceTree = "<group>"; };
		8B5F372B26A325C60011D89A /* IngredientRowViewElement.swift */ = {isa = PBXFileReference; lastKnownFileType = sourcecode.swift; path = IngredientRowViewElement.swift; sourceTree = "<group>"; };
		8B5F373C26A32CBB0011D89A /* CommentListView.swift */ = {isa = PBXFileReference; lastKnownFileType = sourcecode.swift; path = CommentListView.swift; sourceTree = "<group>"; };
		8B5F374126A32CD90011D89A /* profiles.json */ = {isa = PBXFileReference; lastKnownFileType = text.json; path = profiles.json; sourceTree = "<group>"; };
		8B5F374E26A32CFE0011D89A /* comments.json */ = {isa = PBXFileReference; lastKnownFileType = text.json; path = comments.json; sourceTree = "<group>"; };
		8B5F375326A32DDC0011D89A /* CommentController.swift */ = {isa = PBXFileReference; lastKnownFileType = sourcecode.swift; path = CommentController.swift; sourceTree = "<group>"; };
		8B5F375826A32FE30011D89A /* CommentRowViewElement.swift */ = {isa = PBXFileReference; lastKnownFileType = sourcecode.swift; path = CommentRowViewElement.swift; sourceTree = "<group>"; };
		8B5F375D26A33F730011D89A /* StatsView.swift */ = {isa = PBXFileReference; lastKnownFileType = sourcecode.swift; path = StatsView.swift; sourceTree = "<group>"; };
		8B62B267268BBEE00046C07C /* Comment.swift */ = {isa = PBXFileReference; lastKnownFileType = sourcecode.swift; path = Comment.swift; sourceTree = "<group>"; };
		8B62B26C268BBEEE0046C07C /* Profile.swift */ = {isa = PBXFileReference; lastKnownFileType = sourcecode.swift; path = Profile.swift; sourceTree = "<group>"; };
		8B62B271268BBEFF0046C07C /* Recipe.swift */ = {isa = PBXFileReference; lastKnownFileType = sourcecode.swift; path = Recipe.swift; sourceTree = "<group>"; };
		8B62B276268BBF090046C07C /* Session.swift */ = {isa = PBXFileReference; lastKnownFileType = sourcecode.swift; path = Session.swift; sourceTree = "<group>"; };
		8B62B286268BC7150046C07C /* FileTemp.swift */ = {isa = PBXFileReference; lastKnownFileType = sourcecode.swift; path = FileTemp.swift; sourceTree = "<group>"; };
		8B62B2B02698BFC40046C07C /* RestManager.swift */ = {isa = PBXFileReference; lastKnownFileType = sourcecode.swift; path = RestManager.swift; sourceTree = "<group>"; };
		8B62B2BD269A2C600046C07C /* FileTempController.swift */ = {isa = PBXFileReference; lastKnownFileType = sourcecode.swift; path = FileTempController.swift; sourceTree = "<group>"; };
		8B62B2E5269AF2560046C07C /* LoginView.swift */ = {isa = PBXFileReference; lastKnownFileType = sourcecode.swift; path = LoginView.swift; sourceTree = "<group>"; };
		8B62B2ED269B27F20046C07C /* AuthController.swift */ = {isa = PBXFileReference; lastKnownFileType = sourcecode.swift; path = AuthController.swift; sourceTree = "<group>"; };
		8B62B2F2269B4B870046C07C /* RegisterView.swift */ = {isa = PBXFileReference; lastKnownFileType = sourcecode.swift; path = RegisterView.swift; sourceTree = "<group>"; };
		8B62B2F7269B4DEF0046C07C /* MainView.swift */ = {isa = PBXFileReference; lastKnownFileType = sourcecode.swift; path = MainView.swift; sourceTree = "<group>"; };
		8BC2AE3826A0D6D300D793DF /* RecipeListView.swift */ = {isa = PBXFileReference; lastKnownFileType = sourcecode.swift; path = RecipeListView.swift; sourceTree = "<group>"; };
		8BC2AE3E26A0D9A900D793DF /* RecipeRowViewElement.swift */ = {isa = PBXFileReference; lastKnownFileType = sourcecode.swift; path = RecipeRowViewElement.swift; sourceTree = "<group>"; };
		8BC2AE4326A0D9BE00D793DF /* RecipeDetailView.swift */ = {isa = PBXFileReference; lastKnownFileType = sourcecode.swift; path = RecipeDetailView.swift; sourceTree = "<group>"; };
		8BC2AE4E26A0E10400D793DF /* CircleImageViewElement.swift */ = {isa = PBXFileReference; lastKnownFileType = sourcecode.swift; path = CircleImageViewElement.swift; sourceTree = "<group>"; };
		965CE6BF5DCCC0ECC2C79F50 /* Pods-cocotton-frontend.release.xcconfig */ = {isa = PBXFileReference; includeInIndex = 1; lastKnownFileType = text.xcconfig; name = "Pods-cocotton-frontend.release.xcconfig"; path = "Target Support Files/Pods-cocotton-frontend/Pods-cocotton-frontend.release.xcconfig"; sourceTree = "<group>"; };
		D915B80DB18DEB840C4429C1 /* Pods_cocotton_frontendTests.framework */ = {isa = PBXFileReference; explicitFileType = wrapper.framework; includeInIndex = 0; path = Pods_cocotton_frontendTests.framework; sourceTree = BUILT_PRODUCTS_DIR; };
		DC2B370222060F6E3BA9141F /* Pods-cocotton-frontend.debug.xcconfig */ = {isa = PBXFileReference; includeInIndex = 1; lastKnownFileType = text.xcconfig; name = "Pods-cocotton-frontend.debug.xcconfig"; path = "Target Support Files/Pods-cocotton-frontend/Pods-cocotton-frontend.debug.xcconfig"; sourceTree = "<group>"; };
		E39CED49852839F2EA9802F8 /* Pods_cocotton_frontend_cocotton_frontendUITests.framework */ = {isa = PBXFileReference; explicitFileType = wrapper.framework; includeInIndex = 0; path = Pods_cocotton_frontend_cocotton_frontendUITests.framework; sourceTree = BUILT_PRODUCTS_DIR; };
		EA6A8CCE96A3FFF08EB46C2A /* Pods-cocotton-frontend-cocotton-frontendUITests.release.xcconfig */ = {isa = PBXFileReference; includeInIndex = 1; lastKnownFileType = text.xcconfig; name = "Pods-cocotton-frontend-cocotton-frontendUITests.release.xcconfig"; path = "Target Support Files/Pods-cocotton-frontend-cocotton-frontendUITests/Pods-cocotton-frontend-cocotton-frontendUITests.release.xcconfig"; sourceTree = "<group>"; };
		ED581000E666C1AB118DCC43 /* Pods-cocotton-frontendTests.debug.xcconfig */ = {isa = PBXFileReference; includeInIndex = 1; lastKnownFileType = text.xcconfig; name = "Pods-cocotton-frontendTests.debug.xcconfig"; path = "Target Support Files/Pods-cocotton-frontendTests/Pods-cocotton-frontendTests.debug.xcconfig"; sourceTree = "<group>"; };
/* End PBXFileReference section */

/* Begin PBXFrameworksBuildPhase section */
		8B51BC122688DA96008796D7 /* Frameworks */ = {
			isa = PBXFrameworksBuildPhase;
			buildActionMask = 2147483647;
			files = (
				BC9934B1015799D3DD873081 /* Pods_cocotton_frontend.framework in Frameworks */,
			);
			runOnlyForDeploymentPostprocessing = 0;
		};
		8B51BC232688DA97008796D7 /* Frameworks */ = {
			isa = PBXFrameworksBuildPhase;
			buildActionMask = 2147483647;
			files = (
				EF59DD7F597771D12E6CF06E /* Pods_cocotton_frontendTests.framework in Frameworks */,
			);
			runOnlyForDeploymentPostprocessing = 0;
		};
		8B51BC2E2688DA97008796D7 /* Frameworks */ = {
			isa = PBXFrameworksBuildPhase;
			buildActionMask = 2147483647;
			files = (
				27CCA77E64592EBFA8C7B186 /* Pods_cocotton_frontend_cocotton_frontendUITests.framework in Frameworks */,
			);
			runOnlyForDeploymentPostprocessing = 0;
		};
/* End PBXFrameworksBuildPhase section */

/* Begin PBXGroup section */
		236EBB44AE5D816018A56C6E /* Pods */ = {
			isa = PBXGroup;
			children = (
				DC2B370222060F6E3BA9141F /* Pods-cocotton-frontend.debug.xcconfig */,
				965CE6BF5DCCC0ECC2C79F50 /* Pods-cocotton-frontend.release.xcconfig */,
				8A7773F292026DC1F0F8A249 /* Pods-cocotton-frontend-cocotton-frontendUITests.debug.xcconfig */,
				EA6A8CCE96A3FFF08EB46C2A /* Pods-cocotton-frontend-cocotton-frontendUITests.release.xcconfig */,
				ED581000E666C1AB118DCC43 /* Pods-cocotton-frontendTests.debug.xcconfig */,
				083CF42704B399591FFEA7CA /* Pods-cocotton-frontendTests.release.xcconfig */,
			);
			path = Pods;
			sourceTree = "<group>";
		};
		8B0B9BDE26A2E3D6003157A4 /* resources */ = {
			isa = PBXGroup;
			children = (
				8B0B9BF526A2EA72003157A4 /* recipes.json */,
				8B5F372126A31C7E0011D89A /* ingredients.json */,
				8B5F374126A32CD90011D89A /* profiles.json */,
				8B5F374E26A32CFE0011D89A /* comments.json */,
			);
			path = resources;
			sourceTree = "<group>";
		};
		8B51BC0C2688DA96008796D7 = {
			isa = PBXGroup;
			children = (
				8B51BC172688DA96008796D7 /* cocotton-frontend */,
				8B51BC292688DA97008796D7 /* cocotton-frontendTests */,
				8B51BC342688DA97008796D7 /* cocotton-frontendUITests */,
				8B51BC162688DA96008796D7 /* Products */,
				236EBB44AE5D816018A56C6E /* Pods */,
				F04E278F35AC4B6CBF5B7330 /* Frameworks */,
			);
			sourceTree = "<group>";
		};
		8B51BC162688DA96008796D7 /* Products */ = {
			isa = PBXGroup;
			children = (
				8B51BC152688DA96008796D7 /* cocotton-frontend.app */,
				8B51BC262688DA97008796D7 /* cocotton-frontendTests.xctest */,
				8B51BC312688DA97008796D7 /* cocotton-frontendUITests.xctest */,
			);
			name = Products;
			sourceTree = "<group>";
		};
		8B51BC172688DA96008796D7 /* cocotton-frontend */ = {
			isa = PBXGroup;
			children = (
				8B0B9BDE26A2E3D6003157A4 /* resources */,
				8B62B27D268BC4830046C07C /* controller */,
				8B62B27C268BC4580046C07C /* view */,
				8B62B27B268BC43D0046C07C /* domain */,
				8B51BC212688DA97008796D7 /* Info.plist */,
				8B51BC182688DA96008796D7 /* cocotton_frontendApp.swift */,
				8B51BC1C2688DA97008796D7 /* Assets.xcassets */,
				8B51BC1E2688DA97008796D7 /* Preview Content */,
			);
			path = "cocotton-frontend";
			sourceTree = "<group>";
		};
		8B51BC1E2688DA97008796D7 /* Preview Content */ = {
			isa = PBXGroup;
			children = (
				8B51BC1F2688DA97008796D7 /* Preview Assets.xcassets */,
			);
			path = "Preview Content";
			sourceTree = "<group>";
		};
		8B51BC292688DA97008796D7 /* cocotton-frontendTests */ = {
			isa = PBXGroup;
			children = (
				8B51BC2A2688DA97008796D7 /* cocotton_frontendTests.swift */,
				8B51BC2C2688DA97008796D7 /* Info.plist */,
			);
			path = "cocotton-frontendTests";
			sourceTree = "<group>";
		};
		8B51BC342688DA97008796D7 /* cocotton-frontendUITests */ = {
			isa = PBXGroup;
			children = (
				8B51BC352688DA97008796D7 /* cocotton_frontendUITests.swift */,
				8B51BC372688DA97008796D7 /* Info.plist */,
			);
			path = "cocotton-frontendUITests";
			sourceTree = "<group>";
		};
		8B5F371226A31B410011D89A /* recipe */ = {
			isa = PBXGroup;
			children = (
				8BC2AE3826A0D6D300D793DF /* RecipeListView.swift */,
				8BC2AE3E26A0D9A900D793DF /* RecipeRowViewElement.swift */,
				8BC2AE4326A0D9BE00D793DF /* RecipeDetailView.swift */,
			);
			path = recipe;
			sourceTree = "<group>";
		};
		8B5F371326A31B540011D89A /* ingredient */ = {
			isa = PBXGroup;
			children = (
				8B5F371426A31B8F0011D89A /* IngredientDetailView.swift */,
				8B5F372B26A325C60011D89A /* IngredientRowViewElement.swift */,
			);
			path = ingredient;
			sourceTree = "<group>";
		};
		8B5F373026A32C560011D89A /* comment */ = {
			isa = PBXGroup;
			children = (
				8B5F373C26A32CBB0011D89A /* CommentListView.swift */,
				8B5F375826A32FE30011D89A /* CommentRowViewElement.swift */,
			);
			path = comment;
			sourceTree = "<group>";
		};
		8B62B262268BBE420046C07C /* models */ = {
			isa = PBXGroup;
			children = (
				8B5828FD2689178F00C9F749 /* Ingredient .swift */,
				8B62B267268BBEE00046C07C /* Comment.swift */,
				8B62B26C268BBEEE0046C07C /* Profile.swift */,
				8B62B271268BBEFF0046C07C /* Recipe.swift */,
				8B62B276268BBF090046C07C /* Session.swift */,
				8B62B286268BC7150046C07C /* FileTemp.swift */,
			);
			path = models;
			sourceTree = "<group>";
		};
		8B62B263268BBE4C0046C07C /* enums */ = {
			isa = PBXGroup;
			children = (
				8B54BFBE268B3A19007EA961 /* Role.swift */,
				8B54BFB9268B27A8007EA961 /* Category.swift */,
			);
			path = enums;
			sourceTree = "<group>";
		};
		8B62B27B268BC43D0046C07C /* domain */ = {
			isa = PBXGroup;
			children = (
				8B62B263268BBE4C0046C07C /* enums */,
				8B62B262268BBE420046C07C /* models */,
			);
			path = domain;
			sourceTree = "<group>";
		};
		8B62B27C268BC4580046C07C /* view */ = {
			isa = PBXGroup;
			children = (
				8B5F373026A32C560011D89A /* comment */,
				8B5F371326A31B540011D89A /* ingredient */,
				8B5F371226A31B410011D89A /* recipe */,
				8B62B2E5269AF2560046C07C /* LoginView.swift */,
				8B62B2F2269B4B870046C07C /* RegisterView.swift */,
				8B62B2F7269B4DEF0046C07C /* MainView.swift */,
				8B540D71269B78FD00B3DC2B /* LoadingView.swift */,
				8B5E21F5269F6863005BAE25 /* InitialTabView.swift */,
				8B5E21FA269F7283005BAE25 /* ViewDidLoadModifier.swift */,
				8BC2AE4E26A0E10400D793DF /* CircleImageViewElement.swift */,
				8B0B9BC826A1F8DA003157A4 /* testView.swift */,
				8B5F375D26A33F730011D89A /* StatsView.swift */,
			);
			path = view;
			sourceTree = "<group>";
		};
		8B62B27D268BC4830046C07C /* controller */ = {
			isa = PBXGroup;
			children = (
				8B62B2B02698BFC40046C07C /* RestManager.swift */,
				8B62B2BD269A2C600046C07C /* FileTempController.swift */,
				8B62B2ED269B27F20046C07C /* AuthController.swift */,
				8B5E21EB269E4427005BAE25 /* ProfileController.swift */,
				8B5E21F0269F184D005BAE25 /* TokenController.swift */,
				8B0B9BD926A2E20F003157A4 /* RecipeController.swift */,
				8B5F371C26A31C040011D89A /* IngredientController.swift */,
				8B5F372626A31D060011D89A /* JsonLoader.swift */,
				8B5F375326A32DDC0011D89A /* CommentController.swift */,
			);
			path = controller;
			sourceTree = "<group>";
		};
		F04E278F35AC4B6CBF5B7330 /* Frameworks */ = {
			isa = PBXGroup;
			children = (
				0F002B7EECC484F9F7B23032 /* Pods_cocotton_frontend.framework */,
				E39CED49852839F2EA9802F8 /* Pods_cocotton_frontend_cocotton_frontendUITests.framework */,
				D915B80DB18DEB840C4429C1 /* Pods_cocotton_frontendTests.framework */,
			);
			name = Frameworks;
			sourceTree = "<group>";
		};
/* End PBXGroup section */

/* Begin PBXNativeTarget section */
		8B51BC142688DA96008796D7 /* cocotton-frontend */ = {
			isa = PBXNativeTarget;
			buildConfigurationList = 8B51BC3A2688DA97008796D7 /* Build configuration list for PBXNativeTarget "cocotton-frontend" */;
			buildPhases = (
				32F9F7DC1D0311532AB6E239 /* [CP] Check Pods Manifest.lock */,
				8B51BC112688DA96008796D7 /* Sources */,
				8B51BC122688DA96008796D7 /* Frameworks */,
				8B51BC132688DA96008796D7 /* Resources */,
				2AD88E22CEAE35C55749E132 /* [CP] Embed Pods Frameworks */,
			);
			buildRules = (
			);
			dependencies = (
			);
			name = "cocotton-frontend";
			productName = "cocotton-frontend";
			productReference = 8B51BC152688DA96008796D7 /* cocotton-frontend.app */;
			productType = "com.apple.product-type.application";
		};
		8B51BC252688DA97008796D7 /* cocotton-frontendTests */ = {
			isa = PBXNativeTarget;
			buildConfigurationList = 8B51BC3D2688DA97008796D7 /* Build configuration list for PBXNativeTarget "cocotton-frontendTests" */;
			buildPhases = (
				66B7654B9A1423B0DD9E6048 /* [CP] Check Pods Manifest.lock */,
				8B51BC222688DA97008796D7 /* Sources */,
				8B51BC232688DA97008796D7 /* Frameworks */,
				8B51BC242688DA97008796D7 /* Resources */,
			);
			buildRules = (
			);
			dependencies = (
				8B51BC282688DA97008796D7 /* PBXTargetDependency */,
			);
			name = "cocotton-frontendTests";
			productName = "cocotton-frontendTests";
			productReference = 8B51BC262688DA97008796D7 /* cocotton-frontendTests.xctest */;
			productType = "com.apple.product-type.bundle.unit-test";
		};
		8B51BC302688DA97008796D7 /* cocotton-frontendUITests */ = {
			isa = PBXNativeTarget;
			buildConfigurationList = 8B51BC402688DA97008796D7 /* Build configuration list for PBXNativeTarget "cocotton-frontendUITests" */;
			buildPhases = (
				888C8AE0ABE8CB443C99E2CE /* [CP] Check Pods Manifest.lock */,
				8B51BC2D2688DA97008796D7 /* Sources */,
				8B51BC2E2688DA97008796D7 /* Frameworks */,
				8B51BC2F2688DA97008796D7 /* Resources */,
				4075ED5B197CF1C006F3B932 /* [CP] Embed Pods Frameworks */,
			);
			buildRules = (
			);
			dependencies = (
				8B51BC332688DA97008796D7 /* PBXTargetDependency */,
			);
			name = "cocotton-frontendUITests";
			productName = "cocotton-frontendUITests";
			productReference = 8B51BC312688DA97008796D7 /* cocotton-frontendUITests.xctest */;
			productType = "com.apple.product-type.bundle.ui-testing";
		};
/* End PBXNativeTarget section */

/* Begin PBXProject section */
		8B51BC0D2688DA96008796D7 /* Project object */ = {
			isa = PBXProject;
			attributes = {
				LastSwiftUpdateCheck = 1200;
				LastUpgradeCheck = 1200;
				TargetAttributes = {
					8B51BC142688DA96008796D7 = {
						CreatedOnToolsVersion = 12.0;
					};
					8B51BC252688DA97008796D7 = {
						CreatedOnToolsVersion = 12.0;
						TestTargetID = 8B51BC142688DA96008796D7;
					};
					8B51BC302688DA97008796D7 = {
						CreatedOnToolsVersion = 12.0;
						TestTargetID = 8B51BC142688DA96008796D7;
					};
				};
			};
			buildConfigurationList = 8B51BC102688DA96008796D7 /* Build configuration list for PBXProject "cocotton-frontend" */;
			compatibilityVersion = "Xcode 9.3";
			developmentRegion = en;
			hasScannedForEncodings = 0;
			knownRegions = (
				en,
				Base,
			);
			mainGroup = 8B51BC0C2688DA96008796D7;
			productRefGroup = 8B51BC162688DA96008796D7 /* Products */;
			projectDirPath = "";
			projectRoot = "";
			targets = (
				8B51BC142688DA96008796D7 /* cocotton-frontend */,
				8B51BC252688DA97008796D7 /* cocotton-frontendTests */,
				8B51BC302688DA97008796D7 /* cocotton-frontendUITests */,
			);
		};
/* End PBXProject section */

/* Begin PBXResourcesBuildPhase section */
		8B51BC132688DA96008796D7 /* Resources */ = {
			isa = PBXResourcesBuildPhase;
			buildActionMask = 2147483647;
			files = (
				8B5F374226A32CD90011D89A /* profiles.json in Resources */,
				8B5F372226A31C7E0011D89A /* ingredients.json in Resources */,
				8B51BC202688DA97008796D7 /* Preview Assets.xcassets in Resources */,
				8B0B9BF626A2EA72003157A4 /* recipes.json in Resources */,
				8B51BC1D2688DA97008796D7 /* Assets.xcassets in Resources */,
				8B5F374F26A32CFE0011D89A /* comments.json in Resources */,
			);
			runOnlyForDeploymentPostprocessing = 0;
		};
		8B51BC242688DA97008796D7 /* Resources */ = {
			isa = PBXResourcesBuildPhase;
			buildActionMask = 2147483647;
			files = (
			);
			runOnlyForDeploymentPostprocessing = 0;
		};
		8B51BC2F2688DA97008796D7 /* Resources */ = {
			isa = PBXResourcesBuildPhase;
			buildActionMask = 2147483647;
			files = (
			);
			runOnlyForDeploymentPostprocessing = 0;
		};
/* End PBXResourcesBuildPhase section */

/* Begin PBXShellScriptBuildPhase section */
		2AD88E22CEAE35C55749E132 /* [CP] Embed Pods Frameworks */ = {
			isa = PBXShellScriptBuildPhase;
			buildActionMask = 2147483647;
			files = (
			);
			inputFileListPaths = (
				"${PODS_ROOT}/Target Support Files/Pods-cocotton-frontend/Pods-cocotton-frontend-frameworks-${CONFIGURATION}-input-files.xcfilelist",
			);
			name = "[CP] Embed Pods Frameworks";
			outputFileListPaths = (
				"${PODS_ROOT}/Target Support Files/Pods-cocotton-frontend/Pods-cocotton-frontend-frameworks-${CONFIGURATION}-output-files.xcfilelist",
			);
			runOnlyForDeploymentPostprocessing = 0;
			shellPath = /bin/sh;
			shellScript = "\"${PODS_ROOT}/Target Support Files/Pods-cocotton-frontend/Pods-cocotton-frontend-frameworks.sh\"\n";
			showEnvVarsInLog = 0;
		};
		32F9F7DC1D0311532AB6E239 /* [CP] Check Pods Manifest.lock */ = {
			isa = PBXShellScriptBuildPhase;
			buildActionMask = 2147483647;
			files = (
			);
			inputFileListPaths = (
			);
			inputPaths = (
				"${PODS_PODFILE_DIR_PATH}/Podfile.lock",
				"${PODS_ROOT}/Manifest.lock",
			);
			name = "[CP] Check Pods Manifest.lock";
			outputFileListPaths = (
			);
			outputPaths = (
				"$(DERIVED_FILE_DIR)/Pods-cocotton-frontend-checkManifestLockResult.txt",
			);
			runOnlyForDeploymentPostprocessing = 0;
			shellPath = /bin/sh;
			shellScript = "diff \"${PODS_PODFILE_DIR_PATH}/Podfile.lock\" \"${PODS_ROOT}/Manifest.lock\" > /dev/null\nif [ $? != 0 ] ; then\n    # print error to STDERR\n    echo \"error: The sandbox is not in sync with the Podfile.lock. Run 'pod install' or update your CocoaPods installation.\" >&2\n    exit 1\nfi\n# This output is used by Xcode 'outputs' to avoid re-running this script phase.\necho \"SUCCESS\" > \"${SCRIPT_OUTPUT_FILE_0}\"\n";
			showEnvVarsInLog = 0;
		};
		4075ED5B197CF1C006F3B932 /* [CP] Embed Pods Frameworks */ = {
			isa = PBXShellScriptBuildPhase;
			buildActionMask = 2147483647;
			files = (
			);
			inputFileListPaths = (
				"${PODS_ROOT}/Target Support Files/Pods-cocotton-frontend-cocotton-frontendUITests/Pods-cocotton-frontend-cocotton-frontendUITests-frameworks-${CONFIGURATION}-input-files.xcfilelist",
			);
			name = "[CP] Embed Pods Frameworks";
			outputFileListPaths = (
				"${PODS_ROOT}/Target Support Files/Pods-cocotton-frontend-cocotton-frontendUITests/Pods-cocotton-frontend-cocotton-frontendUITests-frameworks-${CONFIGURATION}-output-files.xcfilelist",
			);
			runOnlyForDeploymentPostprocessing = 0;
			shellPath = /bin/sh;
			shellScript = "\"${PODS_ROOT}/Target Support Files/Pods-cocotton-frontend-cocotton-frontendUITests/Pods-cocotton-frontend-cocotton-frontendUITests-frameworks.sh\"\n";
			showEnvVarsInLog = 0;
		};
		66B7654B9A1423B0DD9E6048 /* [CP] Check Pods Manifest.lock */ = {
			isa = PBXShellScriptBuildPhase;
			buildActionMask = 2147483647;
			files = (
			);
			inputFileListPaths = (
			);
			inputPaths = (
				"${PODS_PODFILE_DIR_PATH}/Podfile.lock",
				"${PODS_ROOT}/Manifest.lock",
			);
			name = "[CP] Check Pods Manifest.lock";
			outputFileListPaths = (
			);
			outputPaths = (
				"$(DERIVED_FILE_DIR)/Pods-cocotton-frontendTests-checkManifestLockResult.txt",
			);
			runOnlyForDeploymentPostprocessing = 0;
			shellPath = /bin/sh;
			shellScript = "diff \"${PODS_PODFILE_DIR_PATH}/Podfile.lock\" \"${PODS_ROOT}/Manifest.lock\" > /dev/null\nif [ $? != 0 ] ; then\n    # print error to STDERR\n    echo \"error: The sandbox is not in sync with the Podfile.lock. Run 'pod install' or update your CocoaPods installation.\" >&2\n    exit 1\nfi\n# This output is used by Xcode 'outputs' to avoid re-running this script phase.\necho \"SUCCESS\" > \"${SCRIPT_OUTPUT_FILE_0}\"\n";
			showEnvVarsInLog = 0;
		};
		888C8AE0ABE8CB443C99E2CE /* [CP] Check Pods Manifest.lock */ = {
			isa = PBXShellScriptBuildPhase;
			buildActionMask = 2147483647;
			files = (
			);
			inputFileListPaths = (
			);
			inputPaths = (
				"${PODS_PODFILE_DIR_PATH}/Podfile.lock",
				"${PODS_ROOT}/Manifest.lock",
			);
			name = "[CP] Check Pods Manifest.lock";
			outputFileListPaths = (
			);
			outputPaths = (
				"$(DERIVED_FILE_DIR)/Pods-cocotton-frontend-cocotton-frontendUITests-checkManifestLockResult.txt",
			);
			runOnlyForDeploymentPostprocessing = 0;
			shellPath = /bin/sh;
			shellScript = "diff \"${PODS_PODFILE_DIR_PATH}/Podfile.lock\" \"${PODS_ROOT}/Manifest.lock\" > /dev/null\nif [ $? != 0 ] ; then\n    # print error to STDERR\n    echo \"error: The sandbox is not in sync with the Podfile.lock. Run 'pod install' or update your CocoaPods installation.\" >&2\n    exit 1\nfi\n# This output is used by Xcode 'outputs' to avoid re-running this script phase.\necho \"SUCCESS\" > \"${SCRIPT_OUTPUT_FILE_0}\"\n";
			showEnvVarsInLog = 0;
		};
/* End PBXShellScriptBuildPhase section */

/* Begin PBXSourcesBuildPhase section */
		8B51BC112688DA96008796D7 /* Sources */ = {
			isa = PBXSourcesBuildPhase;
			buildActionMask = 2147483647;
			files = (
				8B5828FE2689178F00C9F749 /* Ingredient .swift in Sources */,
				8B0B9BC926A1F8DA003157A4 /* testView.swift in Sources */,
				8BC2AE4F26A0E10400D793DF /* CircleImageViewElement.swift in Sources */,
				8B5F373D26A32CBB0011D89A /* CommentListView.swift in Sources */,
				8B5E21F1269F184E005BAE25 /* TokenController.swift in Sources */,
				8B62B287268BC7150046C07C /* FileTemp.swift in Sources */,
				8B62B268268BBEE00046C07C /* Comment.swift in Sources */,
				8B540D72269B78FD00B3DC2B /* LoadingView.swift in Sources */,
				8B5F375926A32FE30011D89A /* CommentRowViewElement.swift in Sources */,
				8B0B9BDA26A2E20F003157A4 /* RecipeController.swift in Sources */,
				8B5F375426A32DDC0011D89A /* CommentController.swift in Sources */,
				8B62B26D268BBEEE0046C07C /* Profile.swift in Sources */,
				8B5F375E26A33F730011D89A /* StatsView.swift in Sources */,
				8B5F372C26A325C60011D89A /* IngredientRowViewElement.swift in Sources */,
				8B51BC192688DA96008796D7 /* cocotton_frontendApp.swift in Sources */,
				8B5F371D26A31C040011D89A /* IngredientController.swift in Sources */,
				8B5E21F6269F6863005BAE25 /* InitialTabView.swift in Sources */,
				8B5F371526A31B8F0011D89A /* IngredientDetailView.swift in Sources */,
				8B62B2EE269B27F20046C07C /* AuthController.swift in Sources */,
				8B62B2BE269A2C600046C07C /* FileTempController.swift in Sources */,
				8B62B2E6269AF2560046C07C /* LoginView.swift in Sources */,
				8B54BFBA268B27A8007EA961 /* Category.swift in Sources */,
				8B62B2F8269B4DEF0046C07C /* MainView.swift in Sources */,
				8B54BFBF268B3A19007EA961 /* Role.swift in Sources */,
				8BC2AE4426A0D9BE00D793DF /* RecipeDetailView.swift in Sources */,
				8BC2AE3F26A0D9A900D793DF /* RecipeRowViewElement.swift in Sources */,
				8B62B272268BBEFF0046C07C /* Recipe.swift in Sources */,
				8BC2AE3926A0D6D300D793DF /* RecipeListView.swift in Sources */,
				8B5E21FB269F7283005BAE25 /* ViewDidLoadModifier.swift in Sources */,
				8B62B2F3269B4B870046C07C /* RegisterView.swift in Sources */,
				8B62B2B12698BFC40046C07C /* RestManager.swift in Sources */,
				8B62B277268BBF090046C07C /* Session.swift in Sources */,
				8B5E21EC269E4427005BAE25 /* ProfileController.swift in Sources */,
				8B5F372726A31D060011D89A /* JsonLoader.swift in Sources */,
			);
			runOnlyForDeploymentPostprocessing = 0;
		};
		8B51BC222688DA97008796D7 /* Sources */ = {
			isa = PBXSourcesBuildPhase;
			buildActionMask = 2147483647;
			files = (
				8B51BC2B2688DA97008796D7 /* cocotton_frontendTests.swift in Sources */,
			);
			runOnlyForDeploymentPostprocessing = 0;
		};
		8B51BC2D2688DA97008796D7 /* Sources */ = {
			isa = PBXSourcesBuildPhase;
			buildActionMask = 2147483647;
			files = (
				8B51BC362688DA97008796D7 /* cocotton_frontendUITests.swift in Sources */,
			);
			runOnlyForDeploymentPostprocessing = 0;
		};
/* End PBXSourcesBuildPhase section */

/* Begin PBXTargetDependency section */
		8B51BC282688DA97008796D7 /* PBXTargetDependency */ = {
			isa = PBXTargetDependency;
			target = 8B51BC142688DA96008796D7 /* cocotton-frontend */;
			targetProxy = 8B51BC272688DA97008796D7 /* PBXContainerItemProxy */;
		};
		8B51BC332688DA97008796D7 /* PBXTargetDependency */ = {
			isa = PBXTargetDependency;
			target = 8B51BC142688DA96008796D7 /* cocotton-frontend */;
			targetProxy = 8B51BC322688DA97008796D7 /* PBXContainerItemProxy */;
		};
/* End PBXTargetDependency section */

/* Begin XCBuildConfiguration section */
		8B51BC382688DA97008796D7 /* Debug */ = {
			isa = XCBuildConfiguration;
			buildSettings = {
				ALWAYS_SEARCH_USER_PATHS = NO;
				CLANG_ANALYZER_NONNULL = YES;
				CLANG_ANALYZER_NUMBER_OBJECT_CONVERSION = YES_AGGRESSIVE;
				CLANG_CXX_LANGUAGE_STANDARD = "gnu++14";
				CLANG_CXX_LIBRARY = "libc++";
				CLANG_ENABLE_MODULES = YES;
				CLANG_ENABLE_OBJC_ARC = YES;
				CLANG_ENABLE_OBJC_WEAK = YES;
				CLANG_WARN_BLOCK_CAPTURE_AUTORELEASING = YES;
				CLANG_WARN_BOOL_CONVERSION = YES;
				CLANG_WARN_COMMA = YES;
				CLANG_WARN_CONSTANT_CONVERSION = YES;
				CLANG_WARN_DEPRECATED_OBJC_IMPLEMENTATIONS = YES;
				CLANG_WARN_DIRECT_OBJC_ISA_USAGE = YES_ERROR;
				CLANG_WARN_DOCUMENTATION_COMMENTS = YES;
				CLANG_WARN_EMPTY_BODY = YES;
				CLANG_WARN_ENUM_CONVERSION = YES;
				CLANG_WARN_INFINITE_RECURSION = YES;
				CLANG_WARN_INT_CONVERSION = YES;
				CLANG_WARN_NON_LITERAL_NULL_CONVERSION = YES;
				CLANG_WARN_OBJC_IMPLICIT_RETAIN_SELF = YES;
				CLANG_WARN_OBJC_LITERAL_CONVERSION = YES;
				CLANG_WARN_OBJC_ROOT_CLASS = YES_ERROR;
				CLANG_WARN_QUOTED_INCLUDE_IN_FRAMEWORK_HEADER = YES;
				CLANG_WARN_RANGE_LOOP_ANALYSIS = YES;
				CLANG_WARN_STRICT_PROTOTYPES = YES;
				CLANG_WARN_SUSPICIOUS_MOVE = YES;
				CLANG_WARN_UNGUARDED_AVAILABILITY = YES_AGGRESSIVE;
				CLANG_WARN_UNREACHABLE_CODE = YES;
				CLANG_WARN__DUPLICATE_METHOD_MATCH = YES;
				COPY_PHASE_STRIP = NO;
				DEBUG_INFORMATION_FORMAT = dwarf;
				ENABLE_STRICT_OBJC_MSGSEND = YES;
				ENABLE_TESTABILITY = YES;
				GCC_C_LANGUAGE_STANDARD = gnu11;
				GCC_DYNAMIC_NO_PIC = NO;
				GCC_NO_COMMON_BLOCKS = YES;
				GCC_OPTIMIZATION_LEVEL = 0;
				GCC_PREPROCESSOR_DEFINITIONS = (
					"DEBUG=1",
					"$(inherited)",
				);
				GCC_WARN_64_TO_32_BIT_CONVERSION = YES;
				GCC_WARN_ABOUT_RETURN_TYPE = YES_ERROR;
				GCC_WARN_UNDECLARED_SELECTOR = YES;
				GCC_WARN_UNINITIALIZED_AUTOS = YES_AGGRESSIVE;
				GCC_WARN_UNUSED_FUNCTION = YES;
				GCC_WARN_UNUSED_VARIABLE = YES;
				IPHONEOS_DEPLOYMENT_TARGET = 14.0;
				MTL_ENABLE_DEBUG_INFO = INCLUDE_SOURCE;
				MTL_FAST_MATH = YES;
				ONLY_ACTIVE_ARCH = YES;
				SDKROOT = iphoneos;
				SWIFT_ACTIVE_COMPILATION_CONDITIONS = DEBUG;
				SWIFT_OPTIMIZATION_LEVEL = "-Onone";
			};
			name = Debug;
		};
		8B51BC392688DA97008796D7 /* Release */ = {
			isa = XCBuildConfiguration;
			buildSettings = {
				ALWAYS_SEARCH_USER_PATHS = NO;
				CLANG_ANALYZER_NONNULL = YES;
				CLANG_ANALYZER_NUMBER_OBJECT_CONVERSION = YES_AGGRESSIVE;
				CLANG_CXX_LANGUAGE_STANDARD = "gnu++14";
				CLANG_CXX_LIBRARY = "libc++";
				CLANG_ENABLE_MODULES = YES;
				CLANG_ENABLE_OBJC_ARC = YES;
				CLANG_ENABLE_OBJC_WEAK = YES;
				CLANG_WARN_BLOCK_CAPTURE_AUTORELEASING = YES;
				CLANG_WARN_BOOL_CONVERSION = YES;
				CLANG_WARN_COMMA = YES;
				CLANG_WARN_CONSTANT_CONVERSION = YES;
				CLANG_WARN_DEPRECATED_OBJC_IMPLEMENTATIONS = YES;
				CLANG_WARN_DIRECT_OBJC_ISA_USAGE = YES_ERROR;
				CLANG_WARN_DOCUMENTATION_COMMENTS = YES;
				CLANG_WARN_EMPTY_BODY = YES;
				CLANG_WARN_ENUM_CONVERSION = YES;
				CLANG_WARN_INFINITE_RECURSION = YES;
				CLANG_WARN_INT_CONVERSION = YES;
				CLANG_WARN_NON_LITERAL_NULL_CONVERSION = YES;
				CLANG_WARN_OBJC_IMPLICIT_RETAIN_SELF = YES;
				CLANG_WARN_OBJC_LITERAL_CONVERSION = YES;
				CLANG_WARN_OBJC_ROOT_CLASS = YES_ERROR;
				CLANG_WARN_QUOTED_INCLUDE_IN_FRAMEWORK_HEADER = YES;
				CLANG_WARN_RANGE_LOOP_ANALYSIS = YES;
				CLANG_WARN_STRICT_PROTOTYPES = YES;
				CLANG_WARN_SUSPICIOUS_MOVE = YES;
				CLANG_WARN_UNGUARDED_AVAILABILITY = YES_AGGRESSIVE;
				CLANG_WARN_UNREACHABLE_CODE = YES;
				CLANG_WARN__DUPLICATE_METHOD_MATCH = YES;
				COPY_PHASE_STRIP = NO;
				DEBUG_INFORMATION_FORMAT = "dwarf-with-dsym";
				ENABLE_NS_ASSERTIONS = NO;
				ENABLE_STRICT_OBJC_MSGSEND = YES;
				GCC_C_LANGUAGE_STANDARD = gnu11;
				GCC_NO_COMMON_BLOCKS = YES;
				GCC_WARN_64_TO_32_BIT_CONVERSION = YES;
				GCC_WARN_ABOUT_RETURN_TYPE = YES_ERROR;
				GCC_WARN_UNDECLARED_SELECTOR = YES;
				GCC_WARN_UNINITIALIZED_AUTOS = YES_AGGRESSIVE;
				GCC_WARN_UNUSED_FUNCTION = YES;
				GCC_WARN_UNUSED_VARIABLE = YES;
				IPHONEOS_DEPLOYMENT_TARGET = 14.0;
				MTL_ENABLE_DEBUG_INFO = NO;
				MTL_FAST_MATH = YES;
				SDKROOT = iphoneos;
				SWIFT_COMPILATION_MODE = wholemodule;
				SWIFT_OPTIMIZATION_LEVEL = "-O";
				VALIDATE_PRODUCT = YES;
			};
			name = Release;
		};
		8B51BC3B2688DA97008796D7 /* Debug */ = {
			isa = XCBuildConfiguration;
			baseConfigurationReference = DC2B370222060F6E3BA9141F /* Pods-cocotton-frontend.debug.xcconfig */;
			buildSettings = {
				ASSETCATALOG_COMPILER_APPICON_NAME = AppIcon;
				ASSETCATALOG_COMPILER_GLOBAL_ACCENT_COLOR_NAME = AccentColor;
				CODE_SIGN_STYLE = Automatic;
				DEVELOPMENT_ASSET_PATHS = "\"cocotton-frontend/Preview Content\"";
				ENABLE_PREVIEWS = YES;
				INFOPLIST_FILE = "cocotton-frontend/Info.plist";
				IPHONEOS_DEPLOYMENT_TARGET = 14.0;
				LD_RUNPATH_SEARCH_PATHS = (
					"$(inherited)",
					"@executable_path/Frameworks",
				);
				PRODUCT_BUNDLE_IDENTIFIER = "valle.cocotton-frontend";
				PRODUCT_NAME = "$(TARGET_NAME)";
				SWIFT_VERSION = 5.0;
				TARGETED_DEVICE_FAMILY = "1,2";
			};
			name = Debug;
		};
		8B51BC3C2688DA97008796D7 /* Release */ = {
			isa = XCBuildConfiguration;
			baseConfigurationReference = 965CE6BF5DCCC0ECC2C79F50 /* Pods-cocotton-frontend.release.xcconfig */;
			buildSettings = {
				ASSETCATALOG_COMPILER_APPICON_NAME = AppIcon;
				ASSETCATALOG_COMPILER_GLOBAL_ACCENT_COLOR_NAME = AccentColor;
				CODE_SIGN_STYLE = Automatic;
				DEVELOPMENT_ASSET_PATHS = "\"cocotton-frontend/Preview Content\"";
				ENABLE_PREVIEWS = YES;
				INFOPLIST_FILE = "cocotton-frontend/Info.plist";
				IPHONEOS_DEPLOYMENT_TARGET = 14.0;
				LD_RUNPATH_SEARCH_PATHS = (
					"$(inherited)",
					"@executable_path/Frameworks",
				);
				PRODUCT_BUNDLE_IDENTIFIER = "valle.cocotton-frontend";
				PRODUCT_NAME = "$(TARGET_NAME)";
				SWIFT_VERSION = 5.0;
				TARGETED_DEVICE_FAMILY = "1,2";
			};
			name = Release;
		};
		8B51BC3E2688DA97008796D7 /* Debug */ = {
			isa = XCBuildConfiguration;
			baseConfigurationReference = ED581000E666C1AB118DCC43 /* Pods-cocotton-frontendTests.debug.xcconfig */;
			buildSettings = {
				ALWAYS_EMBED_SWIFT_STANDARD_LIBRARIES = YES;
				BUNDLE_LOADER = "$(TEST_HOST)";
				CODE_SIGN_STYLE = Automatic;
				INFOPLIST_FILE = "cocotton-frontendTests/Info.plist";
				IPHONEOS_DEPLOYMENT_TARGET = 14.0;
				LD_RUNPATH_SEARCH_PATHS = (
					"$(inherited)",
					"@executable_path/Frameworks",
					"@loader_path/Frameworks",
				);
				PRODUCT_BUNDLE_IDENTIFIER = "valle.cocotton-frontendTests";
				PRODUCT_NAME = "$(TARGET_NAME)";
				SWIFT_VERSION = 5.0;
				TARGETED_DEVICE_FAMILY = "1,2";
				TEST_HOST = "$(BUILT_PRODUCTS_DIR)/cocotton-frontend.app/cocotton-frontend";
			};
			name = Debug;
		};
		8B51BC3F2688DA97008796D7 /* Release */ = {
			isa = XCBuildConfiguration;
			baseConfigurationReference = 083CF42704B399591FFEA7CA /* Pods-cocotton-frontendTests.release.xcconfig */;
			buildSettings = {
				ALWAYS_EMBED_SWIFT_STANDARD_LIBRARIES = YES;
				BUNDLE_LOADER = "$(TEST_HOST)";
				CODE_SIGN_STYLE = Automatic;
				INFOPLIST_FILE = "cocotton-frontendTests/Info.plist";
				IPHONEOS_DEPLOYMENT_TARGET = 14.0;
				LD_RUNPATH_SEARCH_PATHS = (
					"$(inherited)",
					"@executable_path/Frameworks",
					"@loader_path/Frameworks",
				);
				PRODUCT_BUNDLE_IDENTIFIER = "valle.cocotton-frontendTests";
				PRODUCT_NAME = "$(TARGET_NAME)";
				SWIFT_VERSION = 5.0;
				TARGETED_DEVICE_FAMILY = "1,2";
				TEST_HOST = "$(BUILT_PRODUCTS_DIR)/cocotton-frontend.app/cocotton-frontend";
			};
			name = Release;
		};
		8B51BC412688DA97008796D7 /* Debug */ = {
			isa = XCBuildConfiguration;
			baseConfigurationReference = 8A7773F292026DC1F0F8A249 /* Pods-cocotton-frontend-cocotton-frontendUITests.debug.xcconfig */;
			buildSettings = {
				ALWAYS_EMBED_SWIFT_STANDARD_LIBRARIES = YES;
				CODE_SIGN_STYLE = Automatic;
				INFOPLIST_FILE = "cocotton-frontendUITests/Info.plist";
				LD_RUNPATH_SEARCH_PATHS = (
					"$(inherited)",
					"@executable_path/Frameworks",
					"@loader_path/Frameworks",
				);
				PRODUCT_BUNDLE_IDENTIFIER = "valle.cocotton-frontendUITests";
				PRODUCT_NAME = "$(TARGET_NAME)";
				SWIFT_VERSION = 5.0;
				TARGETED_DEVICE_FAMILY = "1,2";
				TEST_TARGET_NAME = "cocotton-frontend";
			};
			name = Debug;
		};
		8B51BC422688DA97008796D7 /* Release */ = {
			isa = XCBuildConfiguration;
			baseConfigurationReference = EA6A8CCE96A3FFF08EB46C2A /* Pods-cocotton-frontend-cocotton-frontendUITests.release.xcconfig */;
			buildSettings = {
				ALWAYS_EMBED_SWIFT_STANDARD_LIBRARIES = YES;
				CODE_SIGN_STYLE = Automatic;
				INFOPLIST_FILE = "cocotton-frontendUITests/Info.plist";
				LD_RUNPATH_SEARCH_PATHS = (
					"$(inherited)",
					"@executable_path/Frameworks",
					"@loader_path/Frameworks",
				);
				PRODUCT_BUNDLE_IDENTIFIER = "valle.cocotton-frontendUITests";
				PRODUCT_NAME = "$(TARGET_NAME)";
				SWIFT_VERSION = 5.0;
				TARGETED_DEVICE_FAMILY = "1,2";
				TEST_TARGET_NAME = "cocotton-frontend";
			};
			name = Release;
		};
/* End XCBuildConfiguration section */

/* Begin XCConfigurationList section */
		8B51BC102688DA96008796D7 /* Build configuration list for PBXProject "cocotton-frontend" */ = {
			isa = XCConfigurationList;
			buildConfigurations = (
				8B51BC382688DA97008796D7 /* Debug */,
				8B51BC392688DA97008796D7 /* Release */,
			);
			defaultConfigurationIsVisible = 0;
			defaultConfigurationName = Release;
		};
		8B51BC3A2688DA97008796D7 /* Build configuration list for PBXNativeTarget "cocotton-frontend" */ = {
			isa = XCConfigurationList;
			buildConfigurations = (
				8B51BC3B2688DA97008796D7 /* Debug */,
				8B51BC3C2688DA97008796D7 /* Release */,
			);
			defaultConfigurationIsVisible = 0;
			defaultConfigurationName = Release;
		};
		8B51BC3D2688DA97008796D7 /* Build configuration list for PBXNativeTarget "cocotton-frontendTests" */ = {
			isa = XCConfigurationList;
			buildConfigurations = (
				8B51BC3E2688DA97008796D7 /* Debug */,
				8B51BC3F2688DA97008796D7 /* Release */,
			);
			defaultConfigurationIsVisible = 0;
			defaultConfigurationName = Release;
		};
		8B51BC402688DA97008796D7 /* Build configuration list for PBXNativeTarget "cocotton-frontendUITests" */ = {
			isa = XCConfigurationList;
			buildConfigurations = (
				8B51BC412688DA97008796D7 /* Debug */,
				8B51BC422688DA97008796D7 /* Release */,
			);
			defaultConfigurationIsVisible = 0;
			defaultConfigurationName = Release;
		};
/* End XCConfigurationList section */
	};
	rootObject = 8B51BC0D2688DA96008796D7 /* Project object */;
}
